
Microsoft Visual Studio Solution File, Format Version 12.00
# Visual Studio Version 17
VisualStudioVersion = 17.11.35312.102
MinimumVisualStudioVersion = 10.0.40219.1
Project("{9A19103F-16F7-4668-BE54-9A1E7A4F7556}") = "IMSTests", "IMSTests\IMSTests.csproj", "{5648FDA2-C642-4263-BBCA-BAC6D21EE189}"
EndProject
Project("{9A19103F-16F7-4668-BE54-9A1E7A4F7556}") = "IMS.API", "IMS.API\IMS.API.csproj", "{6C4DB96C-BDB0-469F-A868-811DCF2BEF66}"
EndProject
Project("{9A19103F-16F7-4668-BE54-9A1E7A4F7556}") = "IMS.DAL", "IMS.DAL\IMS.DAL.csproj", "{29BA1C66-48B7-4674-B535-51662C632A50}"
EndProject
Project("{9A19103F-16F7-4668-BE54-9A1E7A4F7556}") = "IMS.BLL", "IMS.BLL\IMS.BLL.csproj", "{915494FD-8F81-41CF-8976-B056CBB57DAD}"
EndProject
Project("{9A19103F-16F7-4668-BE54-9A1E7A4F7556}") = "IMS.Interfaces", "IMS.Interfaces\IMS.Interfaces.csproj", "{2A04EA31-3A17-4884-9599-79BA7CCE9CCA}"
EndProject
Project("{FAE04EC0-301F-11D3-BF4B-00C04F79EFBC}") = "IMS.DTO", "IMS.DTO\IMS.DTO.csproj", "{FD61E094-ACB2-41FA-9ECB-204D08C41A4A}"
EndProject
Global
	GlobalSection(SolutionConfigurationPlatforms) = preSolution
		Debug|Any CPU = Debug|Any CPU
		Release|Any CPU = Release|Any CPU
	EndGlobalSection
	GlobalSection(ProjectConfigurationPlatforms) = postSolution
		{5648FDA2-C642-4263-BBCA-BAC6D21EE189}.Debug|Any CPU.ActiveCfg = Debug|Any CPU
		{5648FDA2-C642-4263-BBCA-BAC6D21EE189}.Debug|Any CPU.Build.0 = Debug|Any CPU
		{5648FDA2-C642-4263-BBCA-BAC6D21EE189}.Release|Any CPU.ActiveCfg = Release|Any CPU
		{5648FDA2-C642-4263-BBCA-BAC6D21EE189}.Release|Any CPU.Build.0 = Release|Any CPU
		{6C4DB96C-BDB0-469F-A868-811DCF2BEF66}.Debug|Any CPU.ActiveCfg = Debug|Any CPU
		{6C4DB96C-BDB0-469F-A868-811DCF2BEF66}.Debug|Any CPU.Build.0 = Debug|Any CPU
		{6C4DB96C-BDB0-469F-A868-811DCF2BEF66}.Release|Any CPU.ActiveCfg = Release|Any CPU
		{6C4DB96C-BDB0-469F-A868-811DCF2BEF66}.Release|Any CPU.Build.0 = Release|Any CPU
		{29BA1C66-48B7-4674-B535-51662C632A50}.Debug|Any CPU.ActiveCfg = Debug|Any CPU
		{29BA1C66-48B7-4674-B535-51662C632A50}.Debug|Any CPU.Build.0 = Debug|Any CPU
		{29BA1C66-48B7-4674-B535-51662C632A50}.Release|Any CPU.ActiveCfg = Release|Any CPU
		{29BA1C66-48B7-4674-B535-51662C632A50}.Release|Any CPU.Build.0 = Release|Any CPU
		{915494FD-8F81-41CF-8976-B056CBB57DAD}.Debug|Any CPU.ActiveCfg = Debug|Any CPU
		{915494FD-8F81-41CF-8976-B056CBB57DAD}.Debug|Any CPU.Build.0 = Debug|Any CPU
		{915494FD-8F81-41CF-8976-B056CBB57DAD}.Release|Any CPU.ActiveCfg = Release|Any CPU
		{915494FD-8F81-41CF-8976-B056CBB57DAD}.Release|Any CPU.Build.0 = Release|Any CPU
		{2A04EA31-3A17-4884-9599-79BA7CCE9CCA}.Debug|Any CPU.ActiveCfg = Debug|Any CPU
		{2A04EA31-3A17-4884-9599-79BA7CCE9CCA}.Debug|Any CPU.Build.0 = Debug|Any CPU
		{2A04EA31-3A17-4884-9599-79BA7CCE9CCA}.Release|Any CPU.ActiveCfg = Release|Any CPU
		{2A04EA31-3A17-4884-9599-79BA7CCE9CCA}.Release|Any CPU.Build.0 = Release|Any CPU
		{FD61E094-ACB2-41FA-9ECB-204D08C41A4A}.Debug|Any CPU.ActiveCfg = Debug|Any CPU
		{FD61E094-ACB2-41FA-9ECB-204D08C41A4A}.Debug|Any CPU.Build.0 = Debug|Any CPU
		{FD61E094-ACB2-41FA-9ECB-204D08C41A4A}.Release|Any CPU.ActiveCfg = Release|Any CPU
		{FD61E094-ACB2-41FA-9ECB-204D08C41A4A}.Release|Any CPU.Build.0 = Release|Any CPU
	EndGlobalSection
	GlobalSection(SolutionProperties) = preSolution
		HideSolutionNode = FALSE
	EndGlobalSection
	GlobalSection(ExtensibilityGlobals) = postSolution
		SolutionGuid = {F89C9476-3094-4A3F-BEBF-05E80FE992B7}
	EndGlobalSection
EndGlobal
