
Microsoft Visual Studio Solution File, Format Version 12.00
# Visual Studio Version 17
VisualStudioVersion = 17.11.35312.102
MinimumVisualStudioVersion = 10.0.40219.1
Project("{9A19103F-16F7-4668-BE54-9A1E7A4F7556}") = "IMS", "IMS\IMS.csproj", "{FE54F3F6-15AF-4BDE-B467-BC5BB293F74F}"
EndProject
Project("{FAE04EC0-301F-11D3-BF4B-00C04F79EFBC}") = "IMSTests", "IMSTests\IMSTests.csproj", "{5648FDA2-C642-4263-BBCA-BAC6D21EE189}"
EndProject
Global
	GlobalSection(SolutionConfigurationPlatforms) = preSolution
		Debug|Any CPU = Debug|Any CPU
		Release|Any CPU = Release|Any CPU
	EndGlobalSection
	GlobalSection(ProjectConfigurationPlatforms) = postSolution
		{FE54F3F6-15AF-4BDE-B467-BC5BB293F74F}.Debug|Any CPU.ActiveCfg = Debug|Any CPU
		{FE54F3F6-15AF-4BDE-B467-BC5BB293F74F}.Debug|Any CPU.Build.0 = Debug|Any CPU
		{FE54F3F6-15AF-4BDE-B467-BC5BB293F74F}.Release|Any CPU.ActiveCfg = Release|Any CPU
		{FE54F3F6-15AF-4BDE-B467-BC5BB293F74F}.Release|Any CPU.Build.0 = Release|Any CPU
		{5648FDA2-C642-4263-BBCA-BAC6D21EE189}.Debug|Any CPU.ActiveCfg = Debug|Any CPU
		{5648FDA2-C642-4263-BBCA-BAC6D21EE189}.Debug|Any CPU.Build.0 = Debug|Any CPU
		{5648FDA2-C642-4263-BBCA-BAC6D21EE189}.Release|Any CPU.ActiveCfg = Release|Any CPU
		{5648FDA2-C642-4263-BBCA-BAC6D21EE189}.Release|Any CPU.Build.0 = Release|Any CPU
	EndGlobalSection
	GlobalSection(SolutionProperties) = preSolution
		HideSolutionNode = FALSE
	EndGlobalSection
	GlobalSection(ExtensibilityGlobals) = postSolution
		SolutionGuid = {F89C9476-3094-4A3F-BEBF-05E80FE992B7}
	EndGlobalSection
EndGlobal
